// !$*UTF8*$!
{
	archiveVersion = 1;
	classes = {
	};
	objectVersion = 55;
	objects = {

/* Begin PBXBuildFile section */
		3638EA12293DF04F00EE1613 /* Extensions.swift in Sources */ = {isa = PBXBuildFile; fileRef = 3638EA11293DF04F00EE1613 /* Extensions.swift */; };
		3638EA15293E8CDE00EE1613 /* LoginController.swift in Sources */ = {isa = PBXBuildFile; fileRef = 3638EA14293E8CDE00EE1613 /* LoginController.swift */; };
		3638EA17293E8DCF00EE1613 /* RegistrationController.swift in Sources */ = {isa = PBXBuildFile; fileRef = 3638EA16293E8DCF00EE1613 /* RegistrationController.swift */; };
		3638EA19293FCC6F00EE1613 /* Utilities.swift in Sources */ = {isa = PBXBuildFile; fileRef = 3638EA18293FCC6F00EE1613 /* Utilities.swift */; };
		363CEFB229389B9B00BFD2BD /* AppDelegate.swift in Sources */ = {isa = PBXBuildFile; fileRef = 363CEFB129389B9B00BFD2BD /* AppDelegate.swift */; };
		363CEFB429389B9B00BFD2BD /* SceneDelegate.swift in Sources */ = {isa = PBXBuildFile; fileRef = 363CEFB329389B9B00BFD2BD /* SceneDelegate.swift */; };
		363CEFB629389B9B00BFD2BD /* ViewController.swift in Sources */ = {isa = PBXBuildFile; fileRef = 363CEFB529389B9B00BFD2BD /* ViewController.swift */; };
		363CEFB929389B9B00BFD2BD /* Main.storyboard in Resources */ = {isa = PBXBuildFile; fileRef = 363CEFB729389B9B00BFD2BD /* Main.storyboard */; };
		363CEFBB29389B9C00BFD2BD /* Assets.xcassets in Resources */ = {isa = PBXBuildFile; fileRef = 363CEFBA29389B9C00BFD2BD /* Assets.xcassets */; };
		363CEFBE29389B9C00BFD2BD /* LaunchScreen.storyboard in Resources */ = {isa = PBXBuildFile; fileRef = 363CEFBC29389B9C00BFD2BD /* LaunchScreen.storyboard */; };
		363CEFCC29389D1F00BFD2BD /* MainTabController.swift in Sources */ = {isa = PBXBuildFile; fileRef = 363CEFCB29389D1F00BFD2BD /* MainTabController.swift */; };
		363CEFCE2938A36D00BFD2BD /* FeedController.swift in Sources */ = {isa = PBXBuildFile; fileRef = 363CEFCD2938A36D00BFD2BD /* FeedController.swift */; };
		363CEFD02938A3C200BFD2BD /* ExploreController.swift in Sources */ = {isa = PBXBuildFile; fileRef = 363CEFCF2938A3C200BFD2BD /* ExploreController.swift */; };
		363CEFD22938A3D700BFD2BD /* NotificationsController.swift in Sources */ = {isa = PBXBuildFile; fileRef = 363CEFD12938A3D700BFD2BD /* NotificationsController.swift */; };
		363CEFD42938A3F400BFD2BD /* ConversationsController.swift in Sources */ = {isa = PBXBuildFile; fileRef = 363CEFD32938A3F400BFD2BD /* ConversationsController.swift */; };
		365EDB7D2954416400439A9D /* AuthService.swift in Sources */ = {isa = PBXBuildFile; fileRef = 365EDB7C2954416400439A9D /* AuthService.swift */; };
		3673EBA7296C206200C6CE2E /* UserService.swift in Sources */ = {isa = PBXBuildFile; fileRef = 3673EBA6296C206200C6CE2E /* UserService.swift */; };
		3673EBA9296C27CB00C6CE2E /* User.swift in Sources */ = {isa = PBXBuildFile; fileRef = 3673EBA8296C27CB00C6CE2E /* User.swift */; };
		36BE4EDB2954387F0015CEED /* Constants.swift in Sources */ = {isa = PBXBuildFile; fileRef = 36BE4EDA2954387F0015CEED /* Constants.swift */; };
		36E43933294738E50091D790 /* GoogleService-Info.plist in Resources */ = {isa = PBXBuildFile; fileRef = 36E43932294738E50091D790 /* GoogleService-Info.plist */; };
		6F299F2B87A73FE0FAC4AD8A /* Pods_TwitterTutorial.framework in Frameworks */ = {isa = PBXBuildFile; fileRef = 0E26CE10E0B85830E5C5EA02 /* Pods_TwitterTutorial.framework */; };
/* End PBXBuildFile section */

/* Begin PBXFileReference section */
		0E26CE10E0B85830E5C5EA02 /* Pods_TwitterTutorial.framework */ = {isa = PBXFileReference; explicitFileType = wrapper.framework; includeInIndex = 0; path = Pods_TwitterTutorial.framework; sourceTree = BUILT_PRODUCTS_DIR; };
		34356623650A535B1676E954 /* Pods-TwitterTutorial.debug.xcconfig */ = {isa = PBXFileReference; includeInIndex = 1; lastKnownFileType = text.xcconfig; name = "Pods-TwitterTutorial.debug.xcconfig"; path = "Target Support Files/Pods-TwitterTutorial/Pods-TwitterTutorial.debug.xcconfig"; sourceTree = "<group>"; };
		3638EA11293DF04F00EE1613 /* Extensions.swift */ = {isa = PBXFileReference; fileEncoding = 4; lastKnownFileType = sourcecode.swift; path = Extensions.swift; sourceTree = "<group>"; };
		3638EA14293E8CDE00EE1613 /* LoginController.swift */ = {isa = PBXFileReference; lastKnownFileType = sourcecode.swift; path = LoginController.swift; sourceTree = "<group>"; };
		3638EA16293E8DCF00EE1613 /* RegistrationController.swift */ = {isa = PBXFileReference; lastKnownFileType = sourcecode.swift; path = RegistrationController.swift; sourceTree = "<group>"; };
		3638EA18293FCC6F00EE1613 /* Utilities.swift */ = {isa = PBXFileReference; lastKnownFileType = sourcecode.swift; path = Utilities.swift; sourceTree = "<group>"; };
		363CEFAE29389B9B00BFD2BD /* TwitterTutorial.app */ = {isa = PBXFileReference; explicitFileType = wrapper.application; includeInIndex = 0; path = TwitterTutorial.app; sourceTree = BUILT_PRODUCTS_DIR; };
		363CEFB129389B9B00BFD2BD /* AppDelegate.swift */ = {isa = PBXFileReference; lastKnownFileType = sourcecode.swift; path = AppDelegate.swift; sourceTree = "<group>"; };
		363CEFB329389B9B00BFD2BD /* SceneDelegate.swift */ = {isa = PBXFileReference; lastKnownFileType = sourcecode.swift; path = SceneDelegate.swift; sourceTree = "<group>"; };
		363CEFB529389B9B00BFD2BD /* ViewController.swift */ = {isa = PBXFileReference; lastKnownFileType = sourcecode.swift; path = ViewController.swift; sourceTree = "<group>"; };
		363CEFB829389B9B00BFD2BD /* Base */ = {isa = PBXFileReference; lastKnownFileType = file.storyboard; name = Base; path = Base.lproj/Main.storyboard; sourceTree = "<group>"; };
		363CEFBA29389B9C00BFD2BD /* Assets.xcassets */ = {isa = PBXFileReference; lastKnownFileType = folder.assetcatalog; path = Assets.xcassets; sourceTree = "<group>"; };
		363CEFBD29389B9C00BFD2BD /* Base */ = {isa = PBXFileReference; lastKnownFileType = file.storyboard; name = Base; path = Base.lproj/LaunchScreen.storyboard; sourceTree = "<group>"; };
		363CEFBF29389B9C00BFD2BD /* Info.plist */ = {isa = PBXFileReference; lastKnownFileType = text.plist.xml; path = Info.plist; sourceTree = "<group>"; };
		363CEFCB29389D1F00BFD2BD /* MainTabController.swift */ = {isa = PBXFileReference; lastKnownFileType = sourcecode.swift; path = MainTabController.swift; sourceTree = "<group>"; };
		363CEFCD2938A36D00BFD2BD /* FeedController.swift */ = {isa = PBXFileReference; lastKnownFileType = sourcecode.swift; path = FeedController.swift; sourceTree = "<group>"; };
		363CEFCF2938A3C200BFD2BD /* ExploreController.swift */ = {isa = PBXFileReference; lastKnownFileType = sourcecode.swift; path = ExploreController.swift; sourceTree = "<group>"; };
		363CEFD12938A3D700BFD2BD /* NotificationsController.swift */ = {isa = PBXFileReference; lastKnownFileType = sourcecode.swift; path = NotificationsController.swift; sourceTree = "<group>"; };
		363CEFD32938A3F400BFD2BD /* ConversationsController.swift */ = {isa = PBXFileReference; lastKnownFileType = sourcecode.swift; path = ConversationsController.swift; sourceTree = "<group>"; };
		365EDB7C2954416400439A9D /* AuthService.swift */ = {isa = PBXFileReference; lastKnownFileType = sourcecode.swift; path = AuthService.swift; sourceTree = "<group>"; };
		3673EBA6296C206200C6CE2E /* UserService.swift */ = {isa = PBXFileReference; lastKnownFileType = sourcecode.swift; path = UserService.swift; sourceTree = "<group>"; };
		3673EBA8296C27CB00C6CE2E /* User.swift */ = {isa = PBXFileReference; lastKnownFileType = sourcecode.swift; path = User.swift; sourceTree = "<group>"; };
		36BE4EDA2954387F0015CEED /* Constants.swift */ = {isa = PBXFileReference; lastKnownFileType = sourcecode.swift; path = Constants.swift; sourceTree = "<group>"; };
		36E43932294738E50091D790 /* GoogleService-Info.plist */ = {isa = PBXFileReference; lastKnownFileType = text.plist; path = "GoogleService-Info.plist"; sourceTree = SOURCE_ROOT; };
		81C3CE4368206E98E6486E58 /* Pods-TwitterTutorial.release.xcconfig */ = {isa = PBXFileReference; includeInIndex = 1; lastKnownFileType = text.xcconfig; name = "Pods-TwitterTutorial.release.xcconfig"; path = "Target Support Files/Pods-TwitterTutorial/Pods-TwitterTutorial.release.xcconfig"; sourceTree = "<group>"; };
/* End PBXFileReference section */

/* Begin PBXFrameworksBuildPhase section */
		363CEFAB29389B9B00BFD2BD /* Frameworks */ = {
			isa = PBXFrameworksBuildPhase;
			buildActionMask = 2147483647;
			files = (
				6F299F2B87A73FE0FAC4AD8A /* Pods_TwitterTutorial.framework in Frameworks */,
			);
			runOnlyForDeploymentPostprocessing = 0;
		};
/* End PBXFrameworksBuildPhase section */

/* Begin PBXGroup section */
		3638EA13293E8CAF00EE1613 /* Authentication */ = {
			isa = PBXGroup;
			children = (
				3638EA14293E8CDE00EE1613 /* LoginController.swift */,
				3638EA16293E8DCF00EE1613 /* RegistrationController.swift */,
			);
			path = Authentication;
			sourceTree = "<group>";
		};
		363CEFA529389B9B00BFD2BD = {
			isa = PBXGroup;
			children = (
				363CEFB029389B9B00BFD2BD /* TwitterTutorial */,
				363CEFAF29389B9B00BFD2BD /* Products */,
				E503E6DBD12E12B8B8A9E20E /* Pods */,
				4F8DC9CEC61FAEDEC52C87B8 /* Frameworks */,
			);
			sourceTree = "<group>";
		};
		363CEFAF29389B9B00BFD2BD /* Products */ = {
			isa = PBXGroup;
			children = (
				363CEFAE29389B9B00BFD2BD /* TwitterTutorial.app */,
			);
			name = Products;
			sourceTree = "<group>";
		};
		363CEFB029389B9B00BFD2BD /* TwitterTutorial */ = {
			isa = PBXGroup;
			children = (
				363CEFCA29389C3C00BFD2BD /* Model */,
				363CEFC929389C3800BFD2BD /* View */,
				363CEFC829389C3500BFD2BD /* ViewModel */,
				363CEFC729389C3200BFD2BD /* Controller */,
				363CEFC629389C2F00BFD2BD /* Api */,
				363CEFC529389C2B00BFD2BD /* Utils */,
				363CEFB129389B9B00BFD2BD /* AppDelegate.swift */,
				363CEFB329389B9B00BFD2BD /* SceneDelegate.swift */,
				363CEFB529389B9B00BFD2BD /* ViewController.swift */,
				363CEFB729389B9B00BFD2BD /* Main.storyboard */,
				363CEFBA29389B9C00BFD2BD /* Assets.xcassets */,
				363CEFBC29389B9C00BFD2BD /* LaunchScreen.storyboard */,
				363CEFBF29389B9C00BFD2BD /* Info.plist */,
				36E43932294738E50091D790 /* GoogleService-Info.plist */,
			);
			path = TwitterTutorial;
			sourceTree = "<group>";
		};
		363CEFC529389C2B00BFD2BD /* Utils */ = {
			isa = PBXGroup;
			children = (
				3638EA11293DF04F00EE1613 /* Extensions.swift */,
				3638EA18293FCC6F00EE1613 /* Utilities.swift */,
				36BE4EDA2954387F0015CEED /* Constants.swift */,
			);
			path = Utils;
			sourceTree = "<group>";
		};
		363CEFC629389C2F00BFD2BD /* Api */ = {
			isa = PBXGroup;
			children = (
				365EDB7C2954416400439A9D /* AuthService.swift */,
				3673EBA6296C206200C6CE2E /* UserService.swift */,
			);
			path = Api;
			sourceTree = "<group>";
		};
		363CEFC729389C3200BFD2BD /* Controller */ = {
			isa = PBXGroup;
			children = (
				3638EA13293E8CAF00EE1613 /* Authentication */,
				363CEFCB29389D1F00BFD2BD /* MainTabController.swift */,
				363CEFCD2938A36D00BFD2BD /* FeedController.swift */,
				363CEFCF2938A3C200BFD2BD /* ExploreController.swift */,
				363CEFD12938A3D700BFD2BD /* NotificationsController.swift */,
				363CEFD32938A3F400BFD2BD /* ConversationsController.swift */,
			);
			path = Controller;
			sourceTree = "<group>";
		};
		363CEFC829389C3500BFD2BD /* ViewModel */ = {
			isa = PBXGroup;
			children = (
			);
			path = ViewModel;
			sourceTree = "<group>";
		};
		363CEFC929389C3800BFD2BD /* View */ = {
			isa = PBXGroup;
			children = (
			);
			path = View;
			sourceTree = "<group>";
		};
		363CEFCA29389C3C00BFD2BD /* Model */ = {
			isa = PBXGroup;
			children = (
				3673EBA8296C27CB00C6CE2E /* User.swift */,
			);
			path = Model;
			sourceTree = "<group>";
		};
		4F8DC9CEC61FAEDEC52C87B8 /* Frameworks */ = {
			isa = PBXGroup;
			children = (
				0E26CE10E0B85830E5C5EA02 /* Pods_TwitterTutorial.framework */,
			);
			name = Frameworks;
			sourceTree = "<group>";
		};
		E503E6DBD12E12B8B8A9E20E /* Pods */ = {
			isa = PBXGroup;
			children = (
				34356623650A535B1676E954 /* Pods-TwitterTutorial.debug.xcconfig */,
				81C3CE4368206E98E6486E58 /* Pods-TwitterTutorial.release.xcconfig */,
			);
			path = Pods;
			sourceTree = "<group>";
		};
/* End PBXGroup section */

/* Begin PBXNativeTarget section */
		363CEFAD29389B9B00BFD2BD /* TwitterTutorial */ = {
			isa = PBXNativeTarget;
			buildConfigurationList = 363CEFC229389B9C00BFD2BD /* Build configuration list for PBXNativeTarget "TwitterTutorial" */;
			buildPhases = (
				CD30B16294FD6ADF9C784099 /* [CP] Check Pods Manifest.lock */,
				363CEFAA29389B9B00BFD2BD /* Sources */,
				363CEFAB29389B9B00BFD2BD /* Frameworks */,
				363CEFAC29389B9B00BFD2BD /* Resources */,
				74FB8E0B27CADAA3C9665117 /* [CP] Embed Pods Frameworks */,
			);
			buildRules = (
			);
			dependencies = (
			);
			name = TwitterTutorial;
			productName = TwitterTutorial;
			productReference = 363CEFAE29389B9B00BFD2BD /* TwitterTutorial.app */;
			productType = "com.apple.product-type.application";
		};
/* End PBXNativeTarget section */

/* Begin PBXProject section */
		363CEFA629389B9B00BFD2BD /* Project object */ = {
			isa = PBXProject;
			attributes = {
				BuildIndependentTargetsInParallel = 1;
				LastSwiftUpdateCheck = 1340;
				LastUpgradeCheck = 1340;
				TargetAttributes = {
					363CEFAD29389B9B00BFD2BD = {
						CreatedOnToolsVersion = 13.4.1;
					};
				};
			};
			buildConfigurationList = 363CEFA929389B9B00BFD2BD /* Build configuration list for PBXProject "TwitterTutorial" */;
			compatibilityVersion = "Xcode 13.0";
			developmentRegion = en;
			hasScannedForEncodings = 0;
			knownRegions = (
				en,
				Base,
			);
			mainGroup = 363CEFA529389B9B00BFD2BD;
			productRefGroup = 363CEFAF29389B9B00BFD2BD /* Products */;
			projectDirPath = "";
			projectRoot = "";
			targets = (
				363CEFAD29389B9B00BFD2BD /* TwitterTutorial */,
			);
		};
/* End PBXProject section */

/* Begin PBXResourcesBuildPhase section */
		363CEFAC29389B9B00BFD2BD /* Resources */ = {
			isa = PBXResourcesBuildPhase;
			buildActionMask = 2147483647;
			files = (
				363CEFBE29389B9C00BFD2BD /* LaunchScreen.storyboard in Resources */,
				36E43933294738E50091D790 /* GoogleService-Info.plist in Resources */,
				363CEFBB29389B9C00BFD2BD /* Assets.xcassets in Resources */,
				363CEFB929389B9B00BFD2BD /* Main.storyboard in Resources */,
			);
			runOnlyForDeploymentPostprocessing = 0;
		};
/* End PBXResourcesBuildPhase section */

/* Begin PBXShellScriptBuildPhase section */
		74FB8E0B27CADAA3C9665117 /* [CP] Embed Pods Frameworks */ = {
			isa = PBXShellScriptBuildPhase;
			buildActionMask = 2147483647;
			files = (
			);
			inputFileListPaths = (
				"${PODS_ROOT}/Target Support Files/Pods-TwitterTutorial/Pods-TwitterTutorial-frameworks-${CONFIGURATION}-input-files.xcfilelist",
			);
			name = "[CP] Embed Pods Frameworks";
			outputFileListPaths = (
				"${PODS_ROOT}/Target Support Files/Pods-TwitterTutorial/Pods-TwitterTutorial-frameworks-${CONFIGURATION}-output-files.xcfilelist",
			);
			runOnlyForDeploymentPostprocessing = 0;
			shellPath = /bin/sh;
			shellScript = "\"${PODS_ROOT}/Target Support Files/Pods-TwitterTutorial/Pods-TwitterTutorial-frameworks.sh\"\n";
			showEnvVarsInLog = 0;
		};
		CD30B16294FD6ADF9C784099 /* [CP] Check Pods Manifest.lock */ = {
			isa = PBXShellScriptBuildPhase;
			buildActionMask = 2147483647;
			files = (
			);
			inputFileListPaths = (
			);
			inputPaths = (
				"${PODS_PODFILE_DIR_PATH}/Podfile.lock",
				"${PODS_ROOT}/Manifest.lock",
			);
			name = "[CP] Check Pods Manifest.lock";
			outputFileListPaths = (
			);
			outputPaths = (
				"$(DERIVED_FILE_DIR)/Pods-TwitterTutorial-checkManifestLockResult.txt",
			);
			runOnlyForDeploymentPostprocessing = 0;
			shellPath = /bin/sh;
			shellScript = "diff \"${PODS_PODFILE_DIR_PATH}/Podfile.lock\" \"${PODS_ROOT}/Manifest.lock\" > /dev/null\nif [ $? != 0 ] ; then\n    # print error to STDERR\n    echo \"error: The sandbox is not in sync with the Podfile.lock. Run 'pod install' or update your CocoaPods installation.\" >&2\n    exit 1\nfi\n# This output is used by Xcode 'outputs' to avoid re-running this script phase.\necho \"SUCCESS\" > \"${SCRIPT_OUTPUT_FILE_0}\"\n";
			showEnvVarsInLog = 0;
		};
/* End PBXShellScriptBuildPhase section */

/* Begin PBXSourcesBuildPhase section */
		363CEFAA29389B9B00BFD2BD /* Sources */ = {
			isa = PBXSourcesBuildPhase;
			buildActionMask = 2147483647;
			files = (
				363CEFB629389B9B00BFD2BD /* ViewController.swift in Sources */,
				363CEFB229389B9B00BFD2BD /* AppDelegate.swift in Sources */,
				363CEFD42938A3F400BFD2BD /* ConversationsController.swift in Sources */,
				363CEFB429389B9B00BFD2BD /* SceneDelegate.swift in Sources */,
				3673EBA9296C27CB00C6CE2E /* User.swift in Sources */,
				363CEFCC29389D1F00BFD2BD /* MainTabController.swift in Sources */,
				3638EA12293DF04F00EE1613 /* Extensions.swift in Sources */,
				3638EA19293FCC6F00EE1613 /* Utilities.swift in Sources */,
				36BE4EDB2954387F0015CEED /* Constants.swift in Sources */,
				3638EA17293E8DCF00EE1613 /* RegistrationController.swift in Sources */,
				363CEFD22938A3D700BFD2BD /* NotificationsController.swift in Sources */,
				363CEFCE2938A36D00BFD2BD /* FeedController.swift in Sources */,
				3673EBA7296C206200C6CE2E /* UserService.swift in Sources */,
				363CEFD02938A3C200BFD2BD /* ExploreController.swift in Sources */,
				3638EA15293E8CDE00EE1613 /* LoginController.swift in Sources */,
				365EDB7D2954416400439A9D /* AuthService.swift in Sources */,
			);
			runOnlyForDeploymentPostprocessing = 0;
		};
/* End PBXSourcesBuildPhase section */

/* Begin PBXVariantGroup section */
		363CEFB729389B9B00BFD2BD /* Main.storyboard */ = {
			isa = PBXVariantGroup;
			children = (
				363CEFB829389B9B00BFD2BD /* Base */,
			);
			name = Main.storyboard;
			sourceTree = "<group>";
		};
		363CEFBC29389B9C00BFD2BD /* LaunchScreen.storyboard */ = {
			isa = PBXVariantGroup;
			children = (
				363CEFBD29389B9C00BFD2BD /* Base */,
			);
			name = LaunchScreen.storyboard;
			sourceTree = "<group>";
		};
/* End PBXVariantGroup section */

/* Begin XCBuildConfiguration section */
		363CEFC029389B9C00BFD2BD /* Debug */ = {
			isa = XCBuildConfiguration;
			buildSettings = {
				ALWAYS_SEARCH_USER_PATHS = NO;
				CLANG_ANALYZER_NONNULL = YES;
				CLANG_ANALYZER_NUMBER_OBJECT_CONVERSION = YES_AGGRESSIVE;
				CLANG_CXX_LANGUAGE_STANDARD = "gnu++17";
				CLANG_ENABLE_MODULES = YES;
				CLANG_ENABLE_OBJC_ARC = YES;
				CLANG_ENABLE_OBJC_WEAK = YES;
				CLANG_WARN_BLOCK_CAPTURE_AUTORELEASING = YES;
				CLANG_WARN_BOOL_CONVERSION = YES;
				CLANG_WARN_COMMA = YES;
				CLANG_WARN_CONSTANT_CONVERSION = YES;
				CLANG_WARN_DEPRECATED_OBJC_IMPLEMENTATIONS = YES;
				CLANG_WARN_DIRECT_OBJC_ISA_USAGE = YES_ERROR;
				CLANG_WARN_DOCUMENTATION_COMMENTS = YES;
				CLANG_WARN_EMPTY_BODY = YES;
				CLANG_WARN_ENUM_CONVERSION = YES;
				CLANG_WARN_INFINITE_RECURSION = YES;
				CLANG_WARN_INT_CONVERSION = YES;
				CLANG_WARN_NON_LITERAL_NULL_CONVERSION = YES;
				CLANG_WARN_OBJC_IMPLICIT_RETAIN_SELF = YES;
				CLANG_WARN_OBJC_LITERAL_CONVERSION = YES;
				CLANG_WARN_OBJC_ROOT_CLASS = YES_ERROR;
				CLANG_WARN_QUOTED_INCLUDE_IN_FRAMEWORK_HEADER = YES;
				CLANG_WARN_RANGE_LOOP_ANALYSIS = YES;
				CLANG_WARN_STRICT_PROTOTYPES = YES;
				CLANG_WARN_SUSPICIOUS_MOVE = YES;
				CLANG_WARN_UNGUARDED_AVAILABILITY = YES_AGGRESSIVE;
				CLANG_WARN_UNREACHABLE_CODE = YES;
				CLANG_WARN__DUPLICATE_METHOD_MATCH = YES;
				COPY_PHASE_STRIP = NO;
				DEBUG_INFORMATION_FORMAT = dwarf;
				ENABLE_STRICT_OBJC_MSGSEND = YES;
				ENABLE_TESTABILITY = YES;
				GCC_C_LANGUAGE_STANDARD = gnu11;
				GCC_DYNAMIC_NO_PIC = NO;
				GCC_NO_COMMON_BLOCKS = YES;
				GCC_OPTIMIZATION_LEVEL = 0;
				GCC_PREPROCESSOR_DEFINITIONS = (
					"DEBUG=1",
					"$(inherited)",
				);
				GCC_WARN_64_TO_32_BIT_CONVERSION = YES;
				GCC_WARN_ABOUT_RETURN_TYPE = YES_ERROR;
				GCC_WARN_UNDECLARED_SELECTOR = YES;
				GCC_WARN_UNINITIALIZED_AUTOS = YES_AGGRESSIVE;
				GCC_WARN_UNUSED_FUNCTION = YES;
				GCC_WARN_UNUSED_VARIABLE = YES;
				IPHONEOS_DEPLOYMENT_TARGET = 15.5;
				MTL_ENABLE_DEBUG_INFO = INCLUDE_SOURCE;
				MTL_FAST_MATH = YES;
				ONLY_ACTIVE_ARCH = YES;
				SDKROOT = iphoneos;
				SWIFT_ACTIVE_COMPILATION_CONDITIONS = DEBUG;
				SWIFT_OPTIMIZATION_LEVEL = "-Onone";
			};
			name = Debug;
		};
		363CEFC129389B9C00BFD2BD /* Release */ = {
			isa = XCBuildConfiguration;
			buildSettings = {
				ALWAYS_SEARCH_USER_PATHS = NO;
				CLANG_ANALYZER_NONNULL = YES;
				CLANG_ANALYZER_NUMBER_OBJECT_CONVERSION = YES_AGGRESSIVE;
				CLANG_CXX_LANGUAGE_STANDARD = "gnu++17";
				CLANG_ENABLE_MODULES = YES;
				CLANG_ENABLE_OBJC_ARC = YES;
				CLANG_ENABLE_OBJC_WEAK = YES;
				CLANG_WARN_BLOCK_CAPTURE_AUTORELEASING = YES;
				CLANG_WARN_BOOL_CONVERSION = YES;
				CLANG_WARN_COMMA = YES;
				CLANG_WARN_CONSTANT_CONVERSION = YES;
				CLANG_WARN_DEPRECATED_OBJC_IMPLEMENTATIONS = YES;
				CLANG_WARN_DIRECT_OBJC_ISA_USAGE = YES_ERROR;
				CLANG_WARN_DOCUMENTATION_COMMENTS = YES;
				CLANG_WARN_EMPTY_BODY = YES;
				CLANG_WARN_ENUM_CONVERSION = YES;
				CLANG_WARN_INFINITE_RECURSION = YES;
				CLANG_WARN_INT_CONVERSION = YES;
				CLANG_WARN_NON_LITERAL_NULL_CONVERSION = YES;
				CLANG_WARN_OBJC_IMPLICIT_RETAIN_SELF = YES;
				CLANG_WARN_OBJC_LITERAL_CONVERSION = YES;
				CLANG_WARN_OBJC_ROOT_CLASS = YES_ERROR;
				CLANG_WARN_QUOTED_INCLUDE_IN_FRAMEWORK_HEADER = YES;
				CLANG_WARN_RANGE_LOOP_ANALYSIS = YES;
				CLANG_WARN_STRICT_PROTOTYPES = YES;
				CLANG_WARN_SUSPICIOUS_MOVE = YES;
				CLANG_WARN_UNGUARDED_AVAILABILITY = YES_AGGRESSIVE;
				CLANG_WARN_UNREACHABLE_CODE = YES;
				CLANG_WARN__DUPLICATE_METHOD_MATCH = YES;
				COPY_PHASE_STRIP = NO;
				DEBUG_INFORMATION_FORMAT = "dwarf-with-dsym";
				ENABLE_NS_ASSERTIONS = NO;
				ENABLE_STRICT_OBJC_MSGSEND = YES;
				GCC_C_LANGUAGE_STANDARD = gnu11;
				GCC_NO_COMMON_BLOCKS = YES;
				GCC_WARN_64_TO_32_BIT_CONVERSION = YES;
				GCC_WARN_ABOUT_RETURN_TYPE = YES_ERROR;
				GCC_WARN_UNDECLARED_SELECTOR = YES;
				GCC_WARN_UNINITIALIZED_AUTOS = YES_AGGRESSIVE;
				GCC_WARN_UNUSED_FUNCTION = YES;
				GCC_WARN_UNUSED_VARIABLE = YES;
				IPHONEOS_DEPLOYMENT_TARGET = 15.5;
				MTL_ENABLE_DEBUG_INFO = NO;
				MTL_FAST_MATH = YES;
				SDKROOT = iphoneos;
				SWIFT_COMPILATION_MODE = wholemodule;
				SWIFT_OPTIMIZATION_LEVEL = "-O";
				VALIDATE_PRODUCT = YES;
			};
			name = Release;
		};
		363CEFC329389B9C00BFD2BD /* Debug */ = {
			isa = XCBuildConfiguration;
			baseConfigurationReference = 34356623650A535B1676E954 /* Pods-TwitterTutorial.debug.xcconfig */;
			buildSettings = {
				ASSETCATALOG_COMPILER_APPICON_NAME = AppIcon;
				ASSETCATALOG_COMPILER_GLOBAL_ACCENT_COLOR_NAME = AccentColor;
				CODE_SIGN_STYLE = Automatic;
				CURRENT_PROJECT_VERSION = 1;
				DEVELOPMENT_TEAM = 7SV6ZX3H97;
				GENERATE_INFOPLIST_FILE = YES;
				INFOPLIST_FILE = TwitterTutorial/Info.plist;
				INFOPLIST_KEY_UIApplicationSupportsIndirectInputEvents = YES;
				INFOPLIST_KEY_UILaunchStoryboardName = LaunchScreen;
				INFOPLIST_KEY_UIMainStoryboardFile = Main;
				INFOPLIST_KEY_UISupportedInterfaceOrientations_iPad = "UIInterfaceOrientationPortrait UIInterfaceOrientationPortraitUpsideDown UIInterfaceOrientationLandscapeLeft UIInterfaceOrientationLandscapeRight";
				INFOPLIST_KEY_UISupportedInterfaceOrientations_iPhone = "UIInterfaceOrientationPortrait UIInterfaceOrientationLandscapeLeft UIInterfaceOrientationLandscapeRight";
				LD_RUNPATH_SEARCH_PATHS = (
					"$(inherited)",
					"@executable_path/Frameworks",
				);
				MARKETING_VERSION = 1.0;
				PRODUCT_BUNDLE_IDENTIFIER = me.lvguowei.TwitterTutorial;
				PRODUCT_NAME = "$(TARGET_NAME)";
				SWIFT_EMIT_LOC_STRINGS = YES;
				SWIFT_VERSION = 5.0;
				TARGETED_DEVICE_FAMILY = "1,2";
			};
			name = Debug;
		};
		363CEFC429389B9C00BFD2BD /* Release */ = {
			isa = XCBuildConfiguration;
			baseConfigurationReference = 81C3CE4368206E98E6486E58 /* Pods-TwitterTutorial.release.xcconfig */;
			buildSettings = {
				ASSETCATALOG_COMPILER_APPICON_NAME = AppIcon;
				ASSETCATALOG_COMPILER_GLOBAL_ACCENT_COLOR_NAME = AccentColor;
				CODE_SIGN_STYLE = Automatic;
				CURRENT_PROJECT_VERSION = 1;
				DEVELOPMENT_TEAM = 7SV6ZX3H97;
				GENERATE_INFOPLIST_FILE = YES;
				INFOPLIST_FILE = TwitterTutorial/Info.plist;
				INFOPLIST_KEY_UIApplicationSupportsIndirectInputEvents = YES;
				INFOPLIST_KEY_UILaunchStoryboardName = LaunchScreen;
				INFOPLIST_KEY_UIMainStoryboardFile = Main;
				INFOPLIST_KEY_UISupportedInterfaceOrientations_iPad = "UIInterfaceOrientationPortrait UIInterfaceOrientationPortraitUpsideDown UIInterfaceOrientationLandscapeLeft UIInterfaceOrientationLandscapeRight";
				INFOPLIST_KEY_UISupportedInterfaceOrientations_iPhone = "UIInterfaceOrientationPortrait UIInterfaceOrientationLandscapeLeft UIInterfaceOrientationLandscapeRight";
				LD_RUNPATH_SEARCH_PATHS = (
					"$(inherited)",
					"@executable_path/Frameworks",
				);
				MARKETING_VERSION = 1.0;
				PRODUCT_BUNDLE_IDENTIFIER = me.lvguowei.TwitterTutorial;
				PRODUCT_NAME = "$(TARGET_NAME)";
				SWIFT_EMIT_LOC_STRINGS = YES;
				SWIFT_VERSION = 5.0;
				TARGETED_DEVICE_FAMILY = "1,2";
			};
			name = Release;
		};
/* End XCBuildConfiguration section */

/* Begin XCConfigurationList section */
		363CEFA929389B9B00BFD2BD /* Build configuration list for PBXProject "TwitterTutorial" */ = {
			isa = XCConfigurationList;
			buildConfigurations = (
				363CEFC029389B9C00BFD2BD /* Debug */,
				363CEFC129389B9C00BFD2BD /* Release */,
			);
			defaultConfigurationIsVisible = 0;
			defaultConfigurationName = Release;
		};
		363CEFC229389B9C00BFD2BD /* Build configuration list for PBXNativeTarget "TwitterTutorial" */ = {
			isa = XCConfigurationList;
			buildConfigurations = (
				363CEFC329389B9C00BFD2BD /* Debug */,
				363CEFC429389B9C00BFD2BD /* Release */,
			);
			defaultConfigurationIsVisible = 0;
			defaultConfigurationName = Release;
		};
/* End XCConfigurationList section */
	};
	rootObject = 363CEFA629389B9B00BFD2BD /* Project object */;
}
